<?xml version="1.0" encoding="utf-8"?>
<Project ToolsVersion="4.0" xmlns="http://schemas.microsoft.com/developer/msbuild/2003">
  <ItemGroup>
    <Filter Include="Source Files">
      <UniqueIdentifier>{4FC737F1-C7A5-4376-A066-2A32D752A2FF}</UniqueIdentifier>
      <Extensions>cpp;c;cc;cxx;def;odl;idl;hpj;bat;asm;asmx</Extensions>
    </Filter>
    <Filter Include="Header Files">
      <UniqueIdentifier>{93995380-89BD-4b04-88EB-625FBE52EBFB}</UniqueIdentifier>
      <Extensions>h;hh;hpp;hxx;hm;inl;inc;xsd</Extensions>
    </Filter>
    <Filter Include="Resource Files">
      <UniqueIdentifier>{67DA6AB6-F800-4c08-8B7A-83BB121AAD01}</UniqueIdentifier>
      <Extensions>rc;ico;cur;bmp;dlg;rc2;rct;bin;rgs;gif;jpg;jpeg;jpe;resx;tiff;tif;png;wav;mfcribbon-ms</Extensions>
    </Filter>
    <Filter Include="Source Files\Human">
      <UniqueIdentifier>{64f95fe9-4e55-4605-8f70-c0c1dfb42a93}</UniqueIdentifier>
    </Filter>
    <Filter Include="Header Files\Human">
      <UniqueIdentifier>{a9f29dc1-53a9-4f4a-a397-b8d3fd383ae8}</UniqueIdentifier>
    </Filter>
    <Filter Include="Header Files\Mechanism">
      <UniqueIdentifier>{6e09f2ad-ba42-4b49-98a0-1387c7a6ac8d}</UniqueIdentifier>
    </Filter>
    <Filter Include="Header Files\Map">
      <UniqueIdentifier>{fb360e4d-30d6-47db-899a-d86e4aa180c1}</UniqueIdentifier>
    </Filter>
    <Filter Include="Source Files\Mechnism">
      <UniqueIdentifier>{b90a6031-6e08-4c70-a61a-3aaf167d13db}</UniqueIdentifier>
    </Filter>
    <Filter Include="Source Files\Map">
      <UniqueIdentifier>{70b621c2-d678-41ad-b7fe-2d69e97a6112}</UniqueIdentifier>
    </Filter>
  </ItemGroup>
  <ItemGroup>
    <ClCompile Include="main.cpp">
      <Filter>Source Files</Filter>
    </ClCompile>
    <ClCompile Include="Population.cpp">
      <Filter>Source Files</Filter>
    </ClCompile>
    <ClCompile Include="TextureLoader.cpp">
      <Filter>Source Files</Filter>
    </ClCompile>
    <ClCompile Include="HumanStatistic.cpp">
      <Filter>Source Files\Human</Filter>
    </ClCompile>
    <ClCompile Include="Ground.cpp">
      <Filter>Source Files\Map</Filter>
    </ClCompile>
    <ClCompile Include="Engine.cpp">
      <Filter>Source Files\Mechnism</Filter>
    </ClCompile>
    <ClCompile Include="Game.cpp">
      <Filter>Source Files\Mechnism</Filter>
    </ClCompile>
    <ClCompile Include="HumanAI.cpp">
      <Filter>Source Files\Human</Filter>
    </ClCompile>
    <ClCompile Include="GlobalObjects.cpp">
      <Filter>Source Files\Mechnism</Filter>
    </ClCompile>
    <ClCompile Include="Human.cpp">
      <Filter>Source Files\Human</Filter>
    </ClCompile>
    <ClCompile Include="Items.cpp">
      <Filter>Source Files\Map</Filter>
    </ClCompile>
  </ItemGroup>
  <ItemGroup>
    <ClInclude Include="Population.h">
      <Filter>Header Files</Filter>
    </ClInclude>
    <ClInclude Include="TextureLoader.h">
      <Filter>Header Files</Filter>
    </ClInclude>
    <ClInclude Include="HumanStatistic.h">
      <Filter>Header Files\Human</Filter>
    </ClInclude>
    <ClInclude Include="Engine.h">
      <Filter>Header Files\Mechanism</Filter>
    </ClInclude>
    <ClInclude Include="Game.h">
      <Filter>Header Files\Mechanism</Filter>
    </ClInclude>
    <ClInclude Include="Ground.h">
      <Filter>Header Files\Map</Filter>
    </ClInclude>
    <ClInclude Include="HumanAI.h">
      <Filter>Header Files\Human</Filter>
    </ClInclude>
    <ClInclude Include="GlobalObjects.h">
      <Filter>Header Files\Mechanism</Filter>
    </ClInclude>
    <ClInclude Include="Human.h">
      <Filter>Header Files\Human</Filter>
    </ClInclude>
    <ClInclude Include="Items.h">
      <Filter>Header Files\Map</Filter>
    </ClInclude>
  </ItemGroup>
</Project>